PODS:
  - KeychainAccess (3.1.2)
  - PinLayout (1.8.3)

DEPENDENCIES:
  - KeychainAccess
  - PinLayout

SPEC REPOS:
  https://github.com/cocoapods/specs.git:
    - KeychainAccess
    - PinLayout

SPEC CHECKSUMS:
  KeychainAccess: b3816fddcf28aa29d94b10ec305cd52be14c472b
  PinLayout: 81759905f882389f4f0c15f3f5b90eb6713a01af

PODFILE CHECKSUM: c19521b6bb94e9abcdd3be7f0d53cc396cd3733a

COCOAPODS: 1.5.3
